{
  "name": "Project",
  "lockfileVersion": 3,
  "requires": true,
  "packages": {
    "": {
      "dependencies": {
        "@stripe/stripe-js": "^7.1.0",
        "add": "^2.0.6",
        "signalr": "^2.4.3"
      }
    },
    "node_modules/@stripe/stripe-js": {
      "version": "7.1.0",
      "resolved": "https://registry.npmjs.org/@stripe/stripe-js/-/stripe-js-7.1.0.tgz",
      "integrity": "sha512-dORq+9fb+STvq9Woi7eupUJV2UcW3tP33yQvREI0NIPDKv6KOCg/tV6h/DH1zQn2clIH/WR7HHBpbNQzWAo+Kg==",
      "license": "MIT",
      "engines": {
        "node": ">=12.16"
      }
    },
    "node_modules/add": {
      "version": "2.0.6",
      "resolved": "https://registry.npmjs.org/add/-/add-2.0.6.tgz",
      "integrity": "sha512-j5QzrmsokwWWp6kUcJQySpbG+xfOBqqKnup3OIk1pz+kB/80SLorZ9V8zHFLO92Lcd+hbvq8bT+zOGoPkmBV0Q==",
      "license": "MIT"
    },
    "node_modules/jquery": {
      "version": "3.7.1",
      "resolved": "https://registry.npmjs.org/jquery/-/jquery-3.7.1.tgz",
      "integrity": "sha512-m4avr8yL8kmFN8psrbFFFmB/If14iN5o9nw/NgnnM+kybDJpRsAynV2BsfpTYrTRysYUdADVD7CkUUizgkpLfg==",
      "license": "MIT"
    },
    "node_modules/signalr": {
      "version": "2.4.3",
      "resolved": "https://registry.npmjs.org/signalr/-/signalr-2.4.3.tgz",
      "integrity": "sha512-RbBKFVCZvDgyyxZDeu6Yck9T+diZO07GB0bDiKondUhBY1H8JRQSOq8R0pLkf47ddllQAssYlp7ckQAeom24mw==",
      "license": "Apache-2.0",
      "dependencies": {
        "jquery": ">=1.6.4"
      }
    }
  }
}
