
Microsoft Visual Studio Solution File, Format Version 12.00
# Visual Studio Version 17
VisualStudioVersion = 17.13.35919.96 d17.13
MinimumVisualStudioVersion = 10.0.40219.1
Project("{FAE04EC0-301F-11D3-BF4B-00C04F79EFBC}") = "FinalTouch.Api", "FinalTouch.Api\FinalTouch.Api.csproj", "{6201AFD8-85D2-4524-A89C-581E0EA80F46}"
EndProject
Project("{FAE04EC0-301F-11D3-BF4B-00C04F79EFBC}") = "FinalTouch.Core", "FinalTouch.Core\FinalTouch.Core.csproj", "{646C8717-F7EC-4BB3-AAA2-0C57D97D7675}"
EndProject
Project("{FAE04EC0-301F-11D3-BF4B-00C04F79EFBC}") = "FinalTouch.InfraStructure", "FinalTouch.InfraStructure\FinalTouch.InfraStructure.csproj", "{C60AE411-4F6E-4234-8A87-BDADD6E704C8}"
EndProject
Global
	GlobalSection(SolutionConfigurationPlatforms) = preSolution
		Debug|Any CPU = Debug|Any CPU
		Release|Any CPU = Release|Any CPU
	EndGlobalSection
	GlobalSection(ProjectConfigurationPlatforms) = postSolution
		{6201AFD8-85D2-4524-A89C-581E0EA80F46}.Debug|Any CPU.ActiveCfg = Debug|Any CPU
		{6201AFD8-85D2-4524-A89C-581E0EA80F46}.Debug|Any CPU.Build.0 = Debug|Any CPU
		{6201AFD8-85D2-4524-A89C-581E0EA80F46}.Release|Any CPU.ActiveCfg = Release|Any CPU
		{6201AFD8-85D2-4524-A89C-581E0EA80F46}.Release|Any CPU.Build.0 = Release|Any CPU
		{646C8717-F7EC-4BB3-AAA2-0C57D97D7675}.Debug|Any CPU.ActiveCfg = Debug|Any CPU
		{646C8717-F7EC-4BB3-AAA2-0C57D97D7675}.Debug|Any CPU.Build.0 = Debug|Any CPU
		{646C8717-F7EC-4BB3-AAA2-0C57D97D7675}.Release|Any CPU.ActiveCfg = Release|Any CPU
		{646C8717-F7EC-4BB3-AAA2-0C57D97D7675}.Release|Any CPU.Build.0 = Release|Any CPU
		{C60AE411-4F6E-4234-8A87-BDADD6E704C8}.Debug|Any CPU.ActiveCfg = Debug|Any CPU
		{C60AE411-4F6E-4234-8A87-BDADD6E704C8}.Debug|Any CPU.Build.0 = Debug|Any CPU
		{C60AE411-4F6E-4234-8A87-BDADD6E704C8}.Release|Any CPU.ActiveCfg = Release|Any CPU
		{C60AE411-4F6E-4234-8A87-BDADD6E704C8}.Release|Any CPU.Build.0 = Release|Any CPU
	EndGlobalSection
	GlobalSection(SolutionProperties) = preSolution
		HideSolutionNode = FALSE
	EndGlobalSection
	GlobalSection(ExtensibilityGlobals) = postSolution
		SolutionGuid = {95F11BFE-3CE5-4FCE-A66E-61C7B13168DF}
	EndGlobalSection
EndGlobal
